
Microsoft Visual Studio Solution File, Format Version 12.00
# Visual Studio Version 16
VisualStudioVersion = 16.0.30907.101
MinimumVisualStudioVersion = 10.0.40219.1
Project("{FAE04EC0-301F-11D3-BF4B-00C04F79EFBC}") = "ConsoleApp1", "ConsoleApp1\ConsoleApp1.csproj", "{F3863D8F-CD44-47B4-B99C-604FF79E4FD3}"
EndProject
Project("{2150E333-8FDC-42A3-9474-1A3956D46DE8}") = "Solution Items", "Solution Items", "{0CDE87A6-B039-42AF-AA80-835A03924A77}"
	ProjectSection(SolutionItems) = preProject
		Account.json = Account.json
		HTMLPage1.html = HTMLPage1.html
		ConsoleApp1\bin\Debug\netcoreapp3.1\json-Massive.json = ConsoleApp1\bin\Debug\netcoreapp3.1\json-Massive.json
	EndProjectSection
EndProject
Global
	GlobalSection(SolutionConfigurationPlatforms) = preSolution
		Debug|Any CPU = Debug|Any CPU
		Release|Any CPU = Release|Any CPU
	EndGlobalSection
	GlobalSection(ProjectConfigurationPlatforms) = postSolution
		{F3863D8F-CD44-47B4-B99C-604FF79E4FD3}.Debug|Any CPU.ActiveCfg = Debug|Any CPU
		{F3863D8F-CD44-47B4-B99C-604FF79E4FD3}.Debug|Any CPU.Build.0 = Debug|Any CPU
		{F3863D8F-CD44-47B4-B99C-604FF79E4FD3}.Release|Any CPU.ActiveCfg = Release|Any CPU
		{F3863D8F-CD44-47B4-B99C-604FF79E4FD3}.Release|Any CPU.Build.0 = Release|Any CPU
	EndGlobalSection
	GlobalSection(SolutionProperties) = preSolution
		HideSolutionNode = FALSE
	EndGlobalSection
	GlobalSection(ExtensibilityGlobals) = postSolution
		SolutionGuid = {C1F3CFE0-394B-44CC-A72F-559729F7ECCF}
	EndGlobalSection
EndGlobal
